// !$*UTF8*$!
{
	archiveVersion = 1;
	classes = {
	};
	objectVersion = 46;
	objects = {

/* Begin PBXBuildFile section */
		3FD01AC91C46ACEC00D04FB9 /* AppDelegate.swift in Sources */ = {isa = PBXBuildFile; fileRef = 3FD01AC81C46ACEC00D04FB9 /* AppDelegate.swift */; };
		3FD01ACB1C46ACEC00D04FB9 /* ViewController.swift in Sources */ = {isa = PBXBuildFile; fileRef = 3FD01ACA1C46ACEC00D04FB9 /* ViewController.swift */; };
		3FD01ACE1C46ACEC00D04FB9 /* Main.storyboard in Resources */ = {isa = PBXBuildFile; fileRef = 3FD01ACC1C46ACEC00D04FB9 /* Main.storyboard */; };
		3FD01AD01C46ACEC00D04FB9 /* Assets.xcassets in Resources */ = {isa = PBXBuildFile; fileRef = 3FD01ACF1C46ACEC00D04FB9 /* Assets.xcassets */; };
		3FD01AD31C46ACEC00D04FB9 /* LaunchScreen.storyboard in Resources */ = {isa = PBXBuildFile; fileRef = 3FD01AD11C46ACEC00D04FB9 /* LaunchScreen.storyboard */; };
		3FD01ADE1C46ACEC00D04FB9 /* tableViewPracticeTests.swift in Sources */ = {isa = PBXBuildFile; fileRef = 3FD01ADD1C46ACEC00D04FB9 /* tableViewPracticeTests.swift */; };
		3FD01AE91C46ACEC00D04FB9 /* tableViewPracticeUITests.swift in Sources */ = {isa = PBXBuildFile; fileRef = 3FD01AE81C46ACEC00D04FB9 /* tableViewPracticeUITests.swift */; };
/* End PBXBuildFile section */

/* Begin PBXContainerItemProxy section */
		3FD01ADA1C46ACEC00D04FB9 /* PBXContainerItemProxy */ = {
			isa = PBXContainerItemProxy;
			containerPortal = 3FD01ABD1C46ACEC00D04FB9 /* Project object */;
			proxyType = 1;
			remoteGlobalIDString = 3FD01AC41C46ACEC00D04FB9;
			remoteInfo = tableViewPractice;
		};
		3FD01AE51C46ACEC00D04FB9 /* PBXContainerItemProxy */ = {
			isa = PBXContainerItemProxy;
			containerPortal = 3FD01ABD1C46ACEC00D04FB9 /* Project object */;
			proxyType = 1;
			remoteGlobalIDString = 3FD01AC41C46ACEC00D04FB9;
			remoteInfo = tableViewPractice;
		};
/* End PBXContainerItemProxy section */

/* Begin PBXFileReference section */
		3FD01AC51C46ACEC00D04FB9 /* tableViewPractice.app */ = {isa = PBXFileReference; explicitFileType = wrapper.application; includeInIndex = 0; path = tableViewPractice.app; sourceTree = BUILT_PRODUCTS_DIR; };
		3FD01AC81C46ACEC00D04FB9 /* AppDelegate.swift */ = {isa = PBXFileReference; lastKnownFileType = sourcecode.swift; path = AppDelegate.swift; sourceTree = "<group>"; };
		3FD01ACA1C46ACEC00D04FB9 /* ViewController.swift */ = {isa = PBXFileReference; lastKnownFileType = sourcecode.swift; path = ViewController.swift; sourceTree = "<group>"; };
		3FD01ACD1C46ACEC00D04FB9 /* Base */ = {isa = PBXFileReference; lastKnownFileType = file.storyboard; name = Base; path = Base.lproj/Main.storyboard; sourceTree = "<group>"; };
		3FD01ACF1C46ACEC00D04FB9 /* Assets.xcassets */ = {isa = PBXFileReference; lastKnownFileType = folder.assetcatalog; path = Assets.xcassets; sourceTree = "<group>"; };
		3FD01AD21C46ACEC00D04FB9 /* Base */ = {isa = PBXFileReference; lastKnownFileType = file.storyboard; name = Base; path = Base.lproj/LaunchScreen.storyboard; sourceTree = "<group>"; };
		3FD01AD41C46ACEC00D04FB9 /* Info.plist */ = {isa = PBXFileReference; lastKnownFileType = text.plist.xml; path = Info.plist; sourceTree = "<group>"; };
		3FD01AD91C46ACEC00D04FB9 /* tableViewPracticeTests.xctest */ = {isa = PBXFileReference; explicitFileType = wrapper.cfbundle; includeInIndex = 0; path = tableViewPracticeTests.xctest; sourceTree = BUILT_PRODUCTS_DIR; };
		3FD01ADD1C46ACEC00D04FB9 /* tableViewPracticeTests.swift */ = {isa = PBXFileReference; lastKnownFileType = sourcecode.swift; path = tableViewPracticeTests.swift; sourceTree = "<group>"; };
		3FD01ADF1C46ACEC00D04FB9 /* Info.plist */ = {isa = PBXFileReference; lastKnownFileType = text.plist.xml; path = Info.plist; sourceTree = "<group>"; };
		3FD01AE41C46ACEC00D04FB9 /* tableViewPracticeUITests.xctest */ = {isa = PBXFileReference; explicitFileType = wrapper.cfbundle; includeInIndex = 0; path = tableViewPracticeUITests.xctest; sourceTree = BUILT_PRODUCTS_DIR; };
		3FD01AE81C46ACEC00D04FB9 /* tableViewPracticeUITests.swift */ = {isa = PBXFileReference; lastKnownFileType = sourcecode.swift; path = tableViewPracticeUITests.swift; sourceTree = "<group>"; };
		3FD01AEA1C46ACEC00D04FB9 /* Info.plist */ = {isa = PBXFileReference; lastKnownFileType = text.plist.xml; path = Info.plist; sourceTree = "<group>"; };
/* End PBXFileReference section */

/* Begin PBXFrameworksBuildPhase section */
		3FD01AC21C46ACEC00D04FB9 /* Frameworks */ = {
			isa = PBXFrameworksBuildPhase;
			buildActionMask = 2147483647;
			files = (
			);
			runOnlyForDeploymentPostprocessing = 0;
		};
		3FD01AD61C46ACEC00D04FB9 /* Frameworks */ = {
			isa = PBXFrameworksBuildPhase;
			buildActionMask = 2147483647;
			files = (
			);
			runOnlyForDeploymentPostprocessing = 0;
		};
		3FD01AE11C46ACEC00D04FB9 /* Frameworks */ = {
			isa = PBXFrameworksBuildPhase;
			buildActionMask = 2147483647;
			files = (
			);
			runOnlyForDeploymentPostprocessing = 0;
		};
/* End PBXFrameworksBuildPhase section */

/* Begin PBXGroup section */
		3FD01ABC1C46ACEC00D04FB9 = {
			isa = PBXGroup;
			children = (
				3FD01AC71C46ACEC00D04FB9 /* tableViewPractice */,
				3FD01ADC1C46ACEC00D04FB9 /* tableViewPracticeTests */,
				3FD01AE71C46ACEC00D04FB9 /* tableViewPracticeUITests */,
				3FD01AC61C46ACEC00D04FB9 /* Products */,
			);
			sourceTree = "<group>";
		};
		3FD01AC61C46ACEC00D04FB9 /* Products */ = {
			isa = PBXGroup;
			children = (
				3FD01AC51C46ACEC00D04FB9 /* tableViewPractice.app */,
				3FD01AD91C46ACEC00D04FB9 /* tableViewPracticeTests.xctest */,
				3FD01AE41C46ACEC00D04FB9 /* tableViewPracticeUITests.xctest */,
			);
			name = Products;
			sourceTree = "<group>";
		};
		3FD01AC71C46ACEC00D04FB9 /* tableViewPractice */ = {
			isa = PBXGroup;
			children = (
				3FD01AC81C46ACEC00D04FB9 /* AppDelegate.swift */,
				3FD01ACA1C46ACEC00D04FB9 /* ViewController.swift */,
				3FD01ACC1C46ACEC00D04FB9 /* Main.storyboard */,
				3FD01ACF1C46ACEC00D04FB9 /* Assets.xcassets */,
				3FD01AD11C46ACEC00D04FB9 /* LaunchScreen.storyboard */,
				3FD01AD41C46ACEC00D04FB9 /* Info.plist */,
			);
			path = tableViewPractice;
			sourceTree = "<group>";
		};
		3FD01ADC1C46ACEC00D04FB9 /* tableViewPracticeTests */ = {
			isa = PBXGroup;
			children = (
				3FD01ADD1C46ACEC00D04FB9 /* tableViewPracticeTests.swift */,
				3FD01ADF1C46ACEC00D04FB9 /* Info.plist */,
			);
			path = tableViewPracticeTests;
			sourceTree = "<group>";
		};
		3FD01AE71C46ACEC00D04FB9 /* tableViewPracticeUITests */ = {
			isa = PBXGroup;
			children = (
				3FD01AE81C46ACEC00D04FB9 /* tableViewPracticeUITests.swift */,
				3FD01AEA1C46ACEC00D04FB9 /* Info.plist */,
			);
			path = tableViewPracticeUITests;
			sourceTree = "<group>";
		};
/* End PBXGroup section */

/* Begin PBXNativeTarget section */
		3FD01AC41C46ACEC00D04FB9 /* tableViewPractice */ = {
			isa = PBXNativeTarget;
			buildConfigurationList = 3FD01AED1C46ACEC00D04FB9 /* Build configuration list for PBXNativeTarget "tableViewPractice" */;
			buildPhases = (
				3FD01AC11C46ACEC00D04FB9 /* Sources */,
				3FD01AC21C46ACEC00D04FB9 /* Frameworks */,
				3FD01AC31C46ACEC00D04FB9 /* Resources */,
			);
			buildRules = (
			);
			dependencies = (
			);
			name = tableViewPractice;
			productName = tableViewPractice;
			productReference = 3FD01AC51C46ACEC00D04FB9 /* tableViewPractice.app */;
			productType = "com.apple.product-type.application";
		};
		3FD01AD81C46ACEC00D04FB9 /* tableViewPracticeTests */ = {
			isa = PBXNativeTarget;
			buildConfigurationList = 3FD01AF01C46ACEC00D04FB9 /* Build configuration list for PBXNativeTarget "tableViewPracticeTests" */;
			buildPhases = (
				3FD01AD51C46ACEC00D04FB9 /* Sources */,
				3FD01AD61C46ACEC00D04FB9 /* Frameworks */,
				3FD01AD71C46ACEC00D04FB9 /* Resources */,
			);
			buildRules = (
			);
			dependencies = (
				3FD01ADB1C46ACEC00D04FB9 /* PBXTargetDependency */,
			);
			name = tableViewPracticeTests;
			productName = tableViewPracticeTests;
			productReference = 3FD01AD91C46ACEC00D04FB9 /* tableViewPracticeTests.xctest */;
			productType = "com.apple.product-type.bundle.unit-test";
		};
		3FD01AE31C46ACEC00D04FB9 /* tableViewPracticeUITests */ = {
			isa = PBXNativeTarget;
			buildConfigurationList = 3FD01AF31C46ACEC00D04FB9 /* Build configuration list for PBXNativeTarget "tableViewPracticeUITests" */;
			buildPhases = (
				3FD01AE01C46ACEC00D04FB9 /* Sources */,
				3FD01AE11C46ACEC00D04FB9 /* Frameworks */,
				3FD01AE21C46ACEC00D04FB9 /* Resources */,
			);
			buildRules = (
			);
			dependencies = (
				3FD01AE61C46ACEC00D04FB9 /* PBXTargetDependency */,
			);
			name = tableViewPracticeUITests;
			productName = tableViewPracticeUITests;
			productReference = 3FD01AE41C46ACEC00D04FB9 /* tableViewPracticeUITests.xctest */;
			productType = "com.apple.product-type.bundle.ui-testing";
		};
/* End PBXNativeTarget section */

/* Begin PBXProject section */
		3FD01ABD1C46ACEC00D04FB9 /* Project object */ = {
			isa = PBXProject;
			attributes = {
				LastSwiftUpdateCheck = 0720;
				LastUpgradeCheck = 0720;
				ORGANIZATIONNAME = shillestad;
				TargetAttributes = {
					3FD01AC41C46ACEC00D04FB9 = {
						CreatedOnToolsVersion = 7.2;
						DevelopmentTeam = H3KB7YD8FH;
					};
					3FD01AD81C46ACEC00D04FB9 = {
						CreatedOnToolsVersion = 7.2;
						DevelopmentTeam = H3KB7YD8FH;
						TestTargetID = 3FD01AC41C46ACEC00D04FB9;
					};
					3FD01AE31C46ACEC00D04FB9 = {
						CreatedOnToolsVersion = 7.2;
						DevelopmentTeam = H3KB7YD8FH;
						TestTargetID = 3FD01AC41C46ACEC00D04FB9;
					};
				};
			};
			buildConfigurationList = 3FD01AC01C46ACEC00D04FB9 /* Build configuration list for PBXProject "tableViewPractice" */;
			compatibilityVersion = "Xcode 3.2";
			developmentRegion = English;
			hasScannedForEncodings = 0;
			knownRegions = (
				en,
				Base,
			);
			mainGroup = 3FD01ABC1C46ACEC00D04FB9;
			productRefGroup = 3FD01AC61C46ACEC00D04FB9 /* Products */;
			projectDirPath = "";
			projectRoot = "";
			targets = (
				3FD01AC41C46ACEC00D04FB9 /* tableViewPractice */,
				3FD01AD81C46ACEC00D04FB9 /* tableViewPracticeTests */,
				3FD01AE31C46ACEC00D04FB9 /* tableViewPracticeUITests */,
			);
		};
/* End PBXProject section */

/* Begin PBXResourcesBuildPhase section */
		3FD01AC31C46ACEC00D04FB9 /* Resources */ = {
			isa = PBXResourcesBuildPhase;
			buildActionMask = 2147483647;
			files = (
				3FD01AD31C46ACEC00D04FB9 /* LaunchScreen.storyboard in Resources */,
				3FD01AD01C46ACEC00D04FB9 /* Assets.xcassets in Resources */,
				3FD01ACE1C46ACEC00D04FB9 /* Main.storyboard in Resources */,
			);
			runOnlyForDeploymentPostprocessing = 0;
		};
		3FD01AD71C46ACEC00D04FB9 /* Resources */ = {
			isa = PBXResourcesBuildPhase;
			buildActionMask = 2147483647;
			files = (
			);
			runOnlyForDeploymentPostprocessing = 0;
		};
		3FD01AE21C46ACEC00D04FB9 /* Resources */ = {
			isa = PBXResourcesBuildPhase;
			buildActionMask = 2147483647;
			files = (
			);
			runOnlyForDeploymentPostprocessing = 0;
		};
/* End PBXResourcesBuildPhase section */

/* Begin PBXSourcesBuildPhase section */
		3FD01AC11C46ACEC00D04FB9 /* Sources */ = {
			isa = PBXSourcesBuildPhase;
			buildActionMask = 2147483647;
			files = (
				3FD01ACB1C46ACEC00D04FB9 /* ViewController.swift in Sources */,
				3FD01AC91C46ACEC00D04FB9 /* AppDelegate.swift in Sources */,
			);
			runOnlyForDeploymentPostprocessing = 0;
		};
		3FD01AD51C46ACEC00D04FB9 /* Sources */ = {
			isa = PBXSourcesBuildPhase;
			buildActionMask = 2147483647;
			files = (
				3FD01ADE1C46ACEC00D04FB9 /* tableViewPracticeTests.swift in Sources */,
			);
			runOnlyForDeploymentPostprocessing = 0;
		};
		3FD01AE01C46ACEC00D04FB9 /* Sources */ = {
			isa = PBXSourcesBuildPhase;
			buildActionMask = 2147483647;
			files = (
				3FD01AE91C46ACEC00D04FB9 /* tableViewPracticeUITests.swift in Sources */,
			);
			runOnlyForDeploymentPostprocessing = 0;
		};
/* End PBXSourcesBuildPhase section */

/* Begin PBXTargetDependency section */
		3FD01ADB1C46ACEC00D04FB9 /* PBXTargetDependency */ = {
			isa = PBXTargetDependency;
			target = 3FD01AC41C46ACEC00D04FB9 /* tableViewPractice */;
			targetProxy = 3FD01ADA1C46ACEC00D04FB9 /* PBXContainerItemProxy */;
		};
		3FD01AE61C46ACEC00D04FB9 /* PBXTargetDependency */ = {
			isa = PBXTargetDependency;
			target = 3FD01AC41C46ACEC00D04FB9 /* tableViewPractice */;
			targetProxy = 3FD01AE51C46ACEC00D04FB9 /* PBXContainerItemProxy */;
		};
/* End PBXTargetDependency section */

/* Begin PBXVariantGroup section */
		3FD01ACC1C46ACEC00D04FB9 /* Main.storyboard */ = {
			isa = PBXVariantGroup;
			children = (
				3FD01ACD1C46ACEC00D04FB9 /* Base */,
			);
			name = Main.storyboard;
			sourceTree = "<group>";
		};
		3FD01AD11C46ACEC00D04FB9 /* LaunchScreen.storyboard */ = {
			isa = PBXVariantGroup;
			children = (
				3FD01AD21C46ACEC00D04FB9 /* Base */,
			);
			name = LaunchScreen.storyboard;
			sourceTree = "<group>";
		};
/* End PBXVariantGroup section */

/* Begin XCBuildConfiguration section */
		3FD01AEB1C46ACEC00D04FB9 /* Debug */ = {
			isa = XCBuildConfiguration;
			buildSettings = {
				ALWAYS_SEARCH_USER_PATHS = NO;
				CLANG_CXX_LANGUAGE_STANDARD = "gnu++0x";
				CLANG_CXX_LIBRARY = "libc++";
				CLANG_ENABLE_MODULES = YES;
				CLANG_ENABLE_OBJC_ARC = YES;
				CLANG_WARN_BOOL_CONVERSION = YES;
				CLANG_WARN_CONSTANT_CONVERSION = YES;
				CLANG_WARN_DIRECT_OBJC_ISA_USAGE = YES_ERROR;
				CLANG_WARN_EMPTY_BODY = YES;
				CLANG_WARN_ENUM_CONVERSION = YES;
				CLANG_WARN_INT_CONVERSION = YES;
				CLANG_WARN_OBJC_ROOT_CLASS = YES_ERROR;
				CLANG_WARN_UNREACHABLE_CODE = YES;
				CLANG_WARN__DUPLICATE_METHOD_MATCH = YES;
				"CODE_SIGN_IDENTITY[sdk=iphoneos*]" = "iPhone Developer";
				COPY_PHASE_STRIP = NO;
				DEBUG_INFORMATION_FORMAT = dwarf;
				ENABLE_STRICT_OBJC_MSGSEND = YES;
				ENABLE_TESTABILITY = YES;
				GCC_C_LANGUAGE_STANDARD = gnu99;
				GCC_DYNAMIC_NO_PIC = NO;
				GCC_NO_COMMON_BLOCKS = YES;
				GCC_OPTIMIZATION_LEVEL = 0;
				GCC_PREPROCESSOR_DEFINITIONS = (
					"DEBUG=1",
					"$(inherited)",
				);
				GCC_WARN_64_TO_32_BIT_CONVERSION = YES;
				GCC_WARN_ABOUT_RETURN_TYPE = YES_ERROR;
				GCC_WARN_UNDECLARED_SELECTOR = YES;
				GCC_WARN_UNINITIALIZED_AUTOS = YES_AGGRESSIVE;
				GCC_WARN_UNUSED_FUNCTION = YES;
				GCC_WARN_UNUSED_VARIABLE = YES;
				IPHONEOS_DEPLOYMENT_TARGET = 9.2;
				MTL_ENABLE_DEBUG_INFO = YES;
				ONLY_ACTIVE_ARCH = YES;
				SDKROOT = iphoneos;
				SWIFT_OPTIMIZATION_LEVEL = "-Onone";
				TARGETED_DEVICE_FAMILY = "1,2";
			};
			name = Debug;
		};
		3FD01AEC1C46ACEC00D04FB9 /* Release */ = {
			isa = XCBuildConfiguration;
			buildSettings = {
				ALWAYS_SEARCH_USER_PATHS = NO;
				CLANG_CXX_LANGUAGE_STANDARD = "gnu++0x";
				CLANG_CXX_LIBRARY = "libc++";
				CLANG_ENABLE_MODULES = YES;
				CLANG_ENABLE_OBJC_ARC = YES;
				CLANG_WARN_BOOL_CONVERSION = YES;
				CLANG_WARN_CONSTANT_CONVERSION = YES;
				CLANG_WARN_DIRECT_OBJC_ISA_USAGE = YES_ERROR;
				CLANG_WARN_EMPTY_BODY = YES;
				CLANG_WARN_ENUM_CONVERSION = YES;
				CLANG_WARN_INT_CONVERSION = YES;
				CLANG_WARN_OBJC_ROOT_CLASS = YES_ERROR;
				CLANG_WARN_UNREACHABLE_CODE = YES;
				CLANG_WARN__DUPLICATE_METHOD_MATCH = YES;
				"CODE_SIGN_IDENTITY[sdk=iphoneos*]" = "iPhone Developer";
				COPY_PHASE_STRIP = NO;
				DEBUG_INFORMATION_FORMAT = "dwarf-with-dsym";
				ENABLE_NS_ASSERTIONS = NO;
				ENABLE_STRICT_OBJC_MSGSEND = YES;
				GCC_C_LANGUAGE_STANDARD = gnu99;
				GCC_NO_COMMON_BLOCKS = YES;
				GCC_WARN_64_TO_32_BIT_CONVERSION = YES;
				GCC_WARN_ABOUT_RETURN_TYPE = YES_ERROR;
				GCC_WARN_UNDECLARED_SELECTOR = YES;
				GCC_WARN_UNINITIALIZED_AUTOS = YES_AGGRESSIVE;
				GCC_WARN_UNUSED_FUNCTION = YES;
				GCC_WARN_UNUSED_VARIABLE = YES;
				IPHONEOS_DEPLOYMENT_TARGET = 9.2;
				MTL_ENABLE_DEBUG_INFO = NO;
				SDKROOT = iphoneos;
				TARGETED_DEVICE_FAMILY = "1,2";
				VALIDATE_PRODUCT = YES;
			};
			name = Release;
		};
		3FD01AEE1C46ACEC00D04FB9 /* Debug */ = {
			isa = XCBuildConfiguration;
			buildSettings = {
				ASSETCATALOG_COMPILER_APPICON_NAME = AppIcon;
				INFOPLIST_FILE = tableViewPractice/Info.plist;
				LD_RUNPATH_SEARCH_PATHS = "$(inherited) @executable_path/Frameworks";
				PRODUCT_BUNDLE_IDENTIFIER = shillestad.tableViewPractice;
				PRODUCT_NAME = "$(TARGET_NAME)";
			};
			name = Debug;
		};
		3FD01AEF1C46ACEC00D04FB9 /* Release */ = {
			isa = XCBuildConfiguration;
			buildSettings = {
				ASSETCATALOG_COMPILER_APPICON_NAME = AppIcon;
				INFOPLIST_FILE = tableViewPractice/Info.plist;
				LD_RUNPATH_SEARCH_PATHS = "$(inherited) @executable_path/Frameworks";
				PRODUCT_BUNDLE_IDENTIFIER = shillestad.tableViewPractice;
				PRODUCT_NAME = "$(TARGET_NAME)";
			};
			name = Release;
		};
		3FD01AF11C46ACEC00D04FB9 /* Debug */ = {
			isa = XCBuildConfiguration;
			buildSettings = {
				BUNDLE_LOADER = "$(TEST_HOST)";
				INFOPLIST_FILE = tableViewPracticeTests/Info.plist;
				LD_RUNPATH_SEARCH_PATHS = "$(inherited) @executable_path/Frameworks @loader_path/Frameworks";
				PRODUCT_BUNDLE_IDENTIFIER = shillestad.tableViewPracticeTests;
				PRODUCT_NAME = "$(TARGET_NAME)";
				TEST_HOST = "$(BUILT_PRODUCTS_DIR)/tableViewPractice.app/tableViewPractice";
			};
			name = Debug;
		};
		3FD01AF21C46ACEC00D04FB9 /* Release */ = {
			isa = XCBuildConfiguration;
			buildSettings = {
				BUNDLE_LOADER = "$(TEST_HOST)";
				INFOPLIST_FILE = tableViewPracticeTests/Info.plist;
				LD_RUNPATH_SEARCH_PATHS = "$(inherited) @executable_path/Frameworks @loader_path/Frameworks";
				PRODUCT_BUNDLE_IDENTIFIER = shillestad.tableViewPracticeTests;
				PRODUCT_NAME = "$(TARGET_NAME)";
				TEST_HOST = "$(BUILT_PRODUCTS_DIR)/tableViewPractice.app/tableViewPractice";
			};
			name = Release;
		};
		3FD01AF41C46ACEC00D04FB9 /* Debug */ = {
			isa = XCBuildConfiguration;
			buildSettings = {
				INFOPLIST_FILE = tableViewPracticeUITests/Info.plist;
				LD_RUNPATH_SEARCH_PATHS = "$(inherited) @executable_path/Frameworks @loader_path/Frameworks";
				PRODUCT_BUNDLE_IDENTIFIER = shillestad.tableViewPracticeUITests;
				PRODUCT_NAME = "$(TARGET_NAME)";
				TEST_TARGET_NAME = tableViewPractice;
				USES_XCTRUNNER = YES;
			};
			name = Debug;
		};
		3FD01AF51C46ACEC00D04FB9 /* Release */ = {
			isa = XCBuildConfiguration;
			buildSettings = {
				INFOPLIST_FILE = tableViewPracticeUITests/Info.plist;
				LD_RUNPATH_SEARCH_PATHS = "$(inherited) @executable_path/Frameworks @loader_path/Frameworks";
				PRODUCT_BUNDLE_IDENTIFIER = shillestad.tableViewPracticeUITests;
				PRODUCT_NAME = "$(TARGET_NAME)";
				TEST_TARGET_NAME = tableViewPractice;
				USES_XCTRUNNER = YES;
			};
			name = Release;
		};
/* End XCBuildConfiguration section */

/* Begin XCConfigurationList section */
		3FD01AC01C46ACEC00D04FB9 /* Build configuration list for PBXProject "tableViewPractice" */ = {
			isa = XCConfigurationList;
			buildConfigurations = (
				3FD01AEB1C46ACEC00D04FB9 /* Debug */,
				3FD01AEC1C46ACEC00D04FB9 /* Release */,
			);
			defaultConfigurationIsVisible = 0;
			defaultConfigurationName = Release;
		};
		3FD01AED1C46ACEC00D04FB9 /* Build configuration list for PBXNativeTarget "tableViewPractice" */ = {
			isa = XCConfigurationList;
			buildConfigurations = (
				3FD01AEE1C46ACEC00D04FB9 /* Debug */,
				3FD01AEF1C46ACEC00D04FB9 /* Release */,
			);
			defaultConfigurationIsVisible = 0;
		};
		3FD01AF01C46ACEC00D04FB9 /* Build configuration list for PBXNativeTarget "tableViewPracticeTests" */ = {
			isa = XCConfigurationList;
			buildConfigurations = (
				3FD01AF11C46ACEC00D04FB9 /* Debug */,
				3FD01AF21C46ACEC00D04FB9 /* Release */,
			);
			defaultConfigurationIsVisible = 0;
		};
		3FD01AF31C46ACEC00D04FB9 /* Build configuration list for PBXNativeTarget "tableViewPracticeUITests" */ = {
			isa = XCConfigurationList;
			buildConfigurations = (
				3FD01AF41C46ACEC00D04FB9 /* Debug */,
				3FD01AF51C46ACEC00D04FB9 /* Release */,
			);
			defaultConfigurationIsVisible = 0;
		};
/* End XCConfigurationList section */
	};
	rootObject = 3FD01ABD1C46ACEC00D04FB9 /* Project object */;
}
